{
  "requires": true,
  "lockfileVersion": 1,
  "dependencies": {
    "node-calendar": {
      "version": "0.1.5",
      "resolved": "https://registry.npmjs.org/node-calendar/-/node-calendar-0.1.5.tgz",
      "integrity": "sha512-aNABcVN/G4wHDxQc7XYyNtinI5WYTxT+q/VNl37Ol7QLleIxTngFy1M09io4HG3aR1o1AoZRXrPuXvEd1eqg8g=="
    }
  }
}
